
Microsoft Visual Studio Solution File, Format Version 12.00
# Visual Studio 15
VisualStudioVersion = 15.0.27703.2035
MinimumVisualStudioVersion = 10.0.40219.1
Project("{FAE04EC0-301F-11D3-BF4B-00C04F79EFBC}") = "BlazorDemo", "BlazorDemo\BlazorDemo.csproj", "{FA986F90-5C0D-420D-B521-EE2F3B22D8EC}"
EndProject
Global
	GlobalSection(SolutionConfigurationPlatforms) = preSolution
		Debug|Any CPU = Debug|Any CPU
		Release|Any CPU = Release|Any CPU
	EndGlobalSection
	GlobalSection(ProjectConfigurationPlatforms) = postSolution
		{FA986F90-5C0D-420D-B521-EE2F3B22D8EC}.Debug|Any CPU.ActiveCfg = Debug|Any CPU
		{FA986F90-5C0D-420D-B521-EE2F3B22D8EC}.Debug|Any CPU.Build.0 = Debug|Any CPU
		{FA986F90-5C0D-420D-B521-EE2F3B22D8EC}.Release|Any CPU.ActiveCfg = Release|Any CPU
		{FA986F90-5C0D-420D-B521-EE2F3B22D8EC}.Release|Any CPU.Build.0 = Release|Any CPU
	EndGlobalSection
	GlobalSection(SolutionProperties) = preSolution
		HideSolutionNode = FALSE
	EndGlobalSection
	GlobalSection(ExtensibilityGlobals) = postSolution
		SolutionGuid = {D757DEA3-04AE-4923-AA0E-E3449634E822}
	EndGlobalSection
EndGlobal
