
Microsoft Visual Studio Solution File, Format Version 12.00
# Visual Studio 15
VisualStudioVersion = 15.0.27703.2035
MinimumVisualStudioVersion = 10.0.40219.1
Project("{FAE04EC0-301F-11D3-BF4B-00C04F79EFBC}") = "MyFunctionApp", "MyFunctionApp\MyFunctionApp.csproj", "{7FEE4820-67F8-49BD-A42E-1737C3B032CC}"
EndProject
Global
	GlobalSection(SolutionConfigurationPlatforms) = preSolution
		Debug|Any CPU = Debug|Any CPU
		Release|Any CPU = Release|Any CPU
	EndGlobalSection
	GlobalSection(ProjectConfigurationPlatforms) = postSolution
		{7FEE4820-67F8-49BD-A42E-1737C3B032CC}.Debug|Any CPU.ActiveCfg = Debug|Any CPU
		{7FEE4820-67F8-49BD-A42E-1737C3B032CC}.Debug|Any CPU.Build.0 = Debug|Any CPU
		{7FEE4820-67F8-49BD-A42E-1737C3B032CC}.Release|Any CPU.ActiveCfg = Release|Any CPU
		{7FEE4820-67F8-49BD-A42E-1737C3B032CC}.Release|Any CPU.Build.0 = Release|Any CPU
	EndGlobalSection
	GlobalSection(SolutionProperties) = preSolution
		HideSolutionNode = FALSE
	EndGlobalSection
	GlobalSection(ExtensibilityGlobals) = postSolution
		SolutionGuid = {F0635F5B-F25B-459B-A875-CD36D3DE04D6}
	EndGlobalSection
EndGlobal
